
Microsoft Visual Studio Solution File, Format Version 12.00
# Visual Studio 15
VisualStudioVersion = 15.0.33919.361
MinimumVisualStudioVersion = 10.0.40219.1
Project("{F184B08F-C81C-45F6-A57F-5ABD9991F28F}") = "ocem.GymManagementSystem", "ocem.GymManagementSystem.vbproj", "{62763C8A-D412-41B1-9163-E1127BCD6563}"
EndProject
Global
	GlobalSection(SolutionConfigurationPlatforms) = preSolution
		Debug|Any CPU = Debug|Any CPU
		Release|Any CPU = Release|Any CPU
	EndGlobalSection
	GlobalSection(ProjectConfigurationPlatforms) = postSolution
		{62763C8A-D412-41B1-9163-E1127BCD6563}.Debug|Any CPU.ActiveCfg = Debug|Any CPU
		{62763C8A-D412-41B1-9163-E1127BCD6563}.Debug|Any CPU.Build.0 = Debug|Any CPU
		{62763C8A-D412-41B1-9163-E1127BCD6563}.Release|Any CPU.ActiveCfg = Release|Any CPU
		{62763C8A-D412-41B1-9163-E1127BCD6563}.Release|Any CPU.Build.0 = Release|Any CPU
	EndGlobalSection
	GlobalSection(SolutionProperties) = preSolution
		HideSolutionNode = FALSE
	EndGlobalSection
	GlobalSection(ExtensibilityGlobals) = postSolution
		SolutionGuid = {A28C8FA4-E60B-4861-8422-36EACE697262}
	EndGlobalSection
EndGlobal
